
Microsoft Visual Studio Solution File, Format Version 12.00
Project("{FAE04EC0-301F-11D3-BF4B-00C04F79EFBC}") = "MyNote", "MyNote\src\MyNote\MyNote.csproj", "{811CAE1C-5D07-40AF-854E-4B5901E94CB1}"
EndProject
Global
	GlobalSection(SolutionConfigurationPlatforms) = preSolution
		Debug|Any CPU = Debug|Any CPU
		Release|Any CPU = Release|Any CPU
	EndGlobalSection
	GlobalSection(ProjectConfigurationPlatforms) = postSolution
		{811CAE1C-5D07-40AF-854E-4B5901E94CB1}.Debug|Any CPU.ActiveCfg = Debug|Any CPU
		{811CAE1C-5D07-40AF-854E-4B5901E94CB1}.Debug|Any CPU.Build.0 = Debug|Any CPU
		{811CAE1C-5D07-40AF-854E-4B5901E94CB1}.Release|Any CPU.ActiveCfg = Release|Any CPU
		{811CAE1C-5D07-40AF-854E-4B5901E94CB1}.Release|Any CPU.Build.0 = Release|Any CPU
	EndGlobalSection
EndGlobal
